// !$*UTF8*$!
{
	archiveVersion = 1;
	classes = {
	};
	objectVersion = 56;
	objects = {

/* Begin PBXBuildFile section */
		EB04880F2B3B3C8B003E56C5 /* AppDelegate.swift in Sources */ = {isa = PBXBuildFile; fileRef = EB04880E2B3B3C8B003E56C5 /* AppDelegate.swift */; };
		EB0488112B3B3C8B003E56C5 /* SceneDelegate.swift in Sources */ = {isa = PBXBuildFile; fileRef = EB0488102B3B3C8B003E56C5 /* SceneDelegate.swift */; };
		EB0488162B3B3C8B003E56C5 /* Main.storyboard in Resources */ = {isa = PBXBuildFile; fileRef = EB0488142B3B3C8B003E56C5 /* Main.storyboard */; };
		EB0488182B3B3C8E003E56C5 /* Assets.xcassets in Resources */ = {isa = PBXBuildFile; fileRef = EB0488172B3B3C8E003E56C5 /* Assets.xcassets */; };
		EB04881B2B3B3C8E003E56C5 /* LaunchScreen.storyboard in Resources */ = {isa = PBXBuildFile; fileRef = EB0488192B3B3C8E003E56C5 /* LaunchScreen.storyboard */; };
		EB0488262B3B3C8E003E56C5 /* testTechStacksTests.swift in Sources */ = {isa = PBXBuildFile; fileRef = EB0488252B3B3C8E003E56C5 /* testTechStacksTests.swift */; };
		EB0488302B3B3C8E003E56C5 /* testTechStacksUITests.swift in Sources */ = {isa = PBXBuildFile; fileRef = EB04882F2B3B3C8E003E56C5 /* testTechStacksUITests.swift */; };
		EB0488322B3B3C8E003E56C5 /* testTechStacksUITestsLaunchTests.swift in Sources */ = {isa = PBXBuildFile; fileRef = EB0488312B3B3C8E003E56C5 /* testTechStacksUITestsLaunchTests.swift */; };
		EB04884A2B3BC0B6003E56C5 /* MainViewController.swift in Sources */ = {isa = PBXBuildFile; fileRef = EB0488492B3BC0B6003E56C5 /* MainViewController.swift */; };
		EB0488912B3D32BF003E56C5 /* GCDViewController.swift in Sources */ = {isa = PBXBuildFile; fileRef = EB0488902B3D32BF003E56C5 /* GCDViewController.swift */; };
		EB0488942B3D3322003E56C5 /* GCDNetworkService.swift in Sources */ = {isa = PBXBuildFile; fileRef = EB0488932B3D3322003E56C5 /* GCDNetworkService.swift */; };
		EB0488962B3D541A003E56C5 /* AsyncAwaitViewController.swift in Sources */ = {isa = PBXBuildFile; fileRef = EB0488952B3D5419003E56C5 /* AsyncAwaitViewController.swift */; };
		EBEE89442B464C8F006C5496 /* TestUIViewController.swift in Sources */ = {isa = PBXBuildFile; fileRef = EBEE89432B464C8F006C5496 /* TestUIViewController.swift */; };
/* End PBXBuildFile section */

/* Begin PBXContainerItemProxy section */
		EB0488222B3B3C8E003E56C5 /* PBXContainerItemProxy */ = {
			isa = PBXContainerItemProxy;
			containerPortal = EB0488032B3B3C8B003E56C5 /* Project object */;
			proxyType = 1;
			remoteGlobalIDString = EB04880A2B3B3C8B003E56C5;
			remoteInfo = testTechStacks;
		};
		EB04882C2B3B3C8E003E56C5 /* PBXContainerItemProxy */ = {
			isa = PBXContainerItemProxy;
			containerPortal = EB0488032B3B3C8B003E56C5 /* Project object */;
			proxyType = 1;
			remoteGlobalIDString = EB04880A2B3B3C8B003E56C5;
			remoteInfo = testTechStacks;
		};
/* End PBXContainerItemProxy section */

/* Begin PBXFileReference section */
		EB04880B2B3B3C8B003E56C5 /* testTechStacks.app */ = {isa = PBXFileReference; explicitFileType = wrapper.application; includeInIndex = 0; path = testTechStacks.app; sourceTree = BUILT_PRODUCTS_DIR; };
		EB04880E2B3B3C8B003E56C5 /* AppDelegate.swift */ = {isa = PBXFileReference; lastKnownFileType = sourcecode.swift; path = AppDelegate.swift; sourceTree = "<group>"; };
		EB0488102B3B3C8B003E56C5 /* SceneDelegate.swift */ = {isa = PBXFileReference; lastKnownFileType = sourcecode.swift; path = SceneDelegate.swift; sourceTree = "<group>"; };
		EB0488152B3B3C8B003E56C5 /* Base */ = {isa = PBXFileReference; lastKnownFileType = file.storyboard; name = Base; path = Base.lproj/Main.storyboard; sourceTree = "<group>"; };
		EB0488172B3B3C8E003E56C5 /* Assets.xcassets */ = {isa = PBXFileReference; lastKnownFileType = folder.assetcatalog; path = Assets.xcassets; sourceTree = "<group>"; };
		EB04881A2B3B3C8E003E56C5 /* Base */ = {isa = PBXFileReference; lastKnownFileType = file.storyboard; name = Base; path = Base.lproj/LaunchScreen.storyboard; sourceTree = "<group>"; };
		EB04881C2B3B3C8E003E56C5 /* Info.plist */ = {isa = PBXFileReference; lastKnownFileType = text.plist.xml; path = Info.plist; sourceTree = "<group>"; };
		EB0488212B3B3C8E003E56C5 /* testTechStacksTests.xctest */ = {isa = PBXFileReference; explicitFileType = wrapper.cfbundle; includeInIndex = 0; path = testTechStacksTests.xctest; sourceTree = BUILT_PRODUCTS_DIR; };
		EB0488252B3B3C8E003E56C5 /* testTechStacksTests.swift */ = {isa = PBXFileReference; lastKnownFileType = sourcecode.swift; path = testTechStacksTests.swift; sourceTree = "<group>"; };
		EB04882B2B3B3C8E003E56C5 /* testTechStacksUITests.xctest */ = {isa = PBXFileReference; explicitFileType = wrapper.cfbundle; includeInIndex = 0; path = testTechStacksUITests.xctest; sourceTree = BUILT_PRODUCTS_DIR; };
		EB04882F2B3B3C8E003E56C5 /* testTechStacksUITests.swift */ = {isa = PBXFileReference; lastKnownFileType = sourcecode.swift; path = testTechStacksUITests.swift; sourceTree = "<group>"; };
		EB0488312B3B3C8E003E56C5 /* testTechStacksUITestsLaunchTests.swift */ = {isa = PBXFileReference; lastKnownFileType = sourcecode.swift; path = testTechStacksUITestsLaunchTests.swift; sourceTree = "<group>"; };
		EB0488492B3BC0B6003E56C5 /* MainViewController.swift */ = {isa = PBXFileReference; lastKnownFileType = sourcecode.swift; path = MainViewController.swift; sourceTree = "<group>"; };
		EB0488902B3D32BF003E56C5 /* GCDViewController.swift */ = {isa = PBXFileReference; lastKnownFileType = sourcecode.swift; path = GCDViewController.swift; sourceTree = "<group>"; };
		EB0488932B3D3322003E56C5 /* GCDNetworkService.swift */ = {isa = PBXFileReference; lastKnownFileType = sourcecode.swift; path = GCDNetworkService.swift; sourceTree = "<group>"; };
		EB0488952B3D5419003E56C5 /* AsyncAwaitViewController.swift */ = {isa = PBXFileReference; lastKnownFileType = sourcecode.swift; path = AsyncAwaitViewController.swift; sourceTree = "<group>"; };
		EBEE89432B464C8F006C5496 /* TestUIViewController.swift */ = {isa = PBXFileReference; lastKnownFileType = sourcecode.swift; path = TestUIViewController.swift; sourceTree = "<group>"; };
/* End PBXFileReference section */

/* Begin PBXFrameworksBuildPhase section */
		EB0488082B3B3C8B003E56C5 /* Frameworks */ = {
			isa = PBXFrameworksBuildPhase;
			buildActionMask = 2147483647;
			files = (
			);
			runOnlyForDeploymentPostprocessing = 0;
		};
		EB04881E2B3B3C8E003E56C5 /* Frameworks */ = {
			isa = PBXFrameworksBuildPhase;
			buildActionMask = 2147483647;
			files = (
			);
			runOnlyForDeploymentPostprocessing = 0;
		};
		EB0488282B3B3C8E003E56C5 /* Frameworks */ = {
			isa = PBXFrameworksBuildPhase;
			buildActionMask = 2147483647;
			files = (
			);
			runOnlyForDeploymentPostprocessing = 0;
		};
/* End PBXFrameworksBuildPhase section */

/* Begin PBXGroup section */
		EB0488022B3B3C8B003E56C5 = {
			isa = PBXGroup;
			children = (
				EB04880D2B3B3C8B003E56C5 /* testTechStacks */,
				EB0488242B3B3C8E003E56C5 /* testTechStacksTests */,
				EB04882E2B3B3C8E003E56C5 /* testTechStacksUITests */,
				EB04880C2B3B3C8B003E56C5 /* Products */,
			);
			sourceTree = "<group>";
		};
		EB04880C2B3B3C8B003E56C5 /* Products */ = {
			isa = PBXGroup;
			children = (
				EB04880B2B3B3C8B003E56C5 /* testTechStacks.app */,
				EB0488212B3B3C8E003E56C5 /* testTechStacksTests.xctest */,
				EB04882B2B3B3C8E003E56C5 /* testTechStacksUITests.xctest */,
			);
			name = Products;
			sourceTree = "<group>";
		};
		EB04880D2B3B3C8B003E56C5 /* testTechStacks */ = {
			isa = PBXGroup;
			children = (
				EBEE89422B464C4F006C5496 /* UI */,
				EB0488922B3D32DB003E56C5 /* Network */,
				EB0488472B3B6AE7003E56C5 /* Concurrency */,
				EB04880E2B3B3C8B003E56C5 /* AppDelegate.swift */,
				EB0488102B3B3C8B003E56C5 /* SceneDelegate.swift */,
				EB0488142B3B3C8B003E56C5 /* Main.storyboard */,
				EB0488492B3BC0B6003E56C5 /* MainViewController.swift */,
				EB0488172B3B3C8E003E56C5 /* Assets.xcassets */,
				EB0488192B3B3C8E003E56C5 /* LaunchScreen.storyboard */,
				EB04881C2B3B3C8E003E56C5 /* Info.plist */,
			);
			path = testTechStacks;
			sourceTree = "<group>";
		};
		EB0488242B3B3C8E003E56C5 /* testTechStacksTests */ = {
			isa = PBXGroup;
			children = (
				EB0488252B3B3C8E003E56C5 /* testTechStacksTests.swift */,
			);
			path = testTechStacksTests;
			sourceTree = "<group>";
		};
		EB04882E2B3B3C8E003E56C5 /* testTechStacksUITests */ = {
			isa = PBXGroup;
			children = (
				EB04882F2B3B3C8E003E56C5 /* testTechStacksUITests.swift */,
				EB0488312B3B3C8E003E56C5 /* testTechStacksUITestsLaunchTests.swift */,
			);
			path = testTechStacksUITests;
			sourceTree = "<group>";
		};
		EB0488472B3B6AE7003E56C5 /* Concurrency */ = {
			isa = PBXGroup;
			children = (
				EB0488482B3BB7A6003E56C5 /* GCD */,
				EB04884B2B3BC2E1003E56C5 /* AsyncAwait */,
				EB04884C2B3BC2F3003E56C5 /* RxSwift */,
				EB04884D2B3BC2F9003E56C5 /* Combine */,
			);
			path = Concurrency;
			sourceTree = "<group>";
		};
		EB0488482B3BB7A6003E56C5 /* GCD */ = {
			isa = PBXGroup;
			children = (
				EB0488932B3D3322003E56C5 /* GCDNetworkService.swift */,
				EB0488902B3D32BF003E56C5 /* GCDViewController.swift */,
			);
			path = GCD;
			sourceTree = "<group>";
		};
		EB04884B2B3BC2E1003E56C5 /* AsyncAwait */ = {
			isa = PBXGroup;
			children = (
				EB0488952B3D5419003E56C5 /* AsyncAwaitViewController.swift */,
			);
			path = AsyncAwait;
			sourceTree = "<group>";
		};
		EB04884C2B3BC2F3003E56C5 /* RxSwift */ = {
			isa = PBXGroup;
			children = (
			);
			path = RxSwift;
			sourceTree = "<group>";
		};
		EB04884D2B3BC2F9003E56C5 /* Combine */ = {
			isa = PBXGroup;
			children = (
			);
			path = Combine;
			sourceTree = "<group>";
		};
		EB0488922B3D32DB003E56C5 /* Network */ = {
			isa = PBXGroup;
			children = (
			);
			path = Network;
			sourceTree = "<group>";
		};
		EBEE89422B464C4F006C5496 /* UI */ = {
			isa = PBXGroup;
			children = (
				EBEE89432B464C8F006C5496 /* TestUIViewController.swift */,
			);
			path = UI;
			sourceTree = "<group>";
		};
/* End PBXGroup section */

/* Begin PBXNativeTarget section */
		EB04880A2B3B3C8B003E56C5 /* testTechStacks */ = {
			isa = PBXNativeTarget;
			buildConfigurationList = EB0488352B3B3C8E003E56C5 /* Build configuration list for PBXNativeTarget "testTechStacks" */;
			buildPhases = (
				EB0488072B3B3C8B003E56C5 /* Sources */,
				EB0488082B3B3C8B003E56C5 /* Frameworks */,
				EB0488092B3B3C8B003E56C5 /* Resources */,
			);
			buildRules = (
			);
			dependencies = (
			);
			name = testTechStacks;
			productName = testTechStacks;
			productReference = EB04880B2B3B3C8B003E56C5 /* testTechStacks.app */;
			productType = "com.apple.product-type.application";
		};
		EB0488202B3B3C8E003E56C5 /* testTechStacksTests */ = {
			isa = PBXNativeTarget;
			buildConfigurationList = EB0488382B3B3C8E003E56C5 /* Build configuration list for PBXNativeTarget "testTechStacksTests" */;
			buildPhases = (
				EB04881D2B3B3C8E003E56C5 /* Sources */,
				EB04881E2B3B3C8E003E56C5 /* Frameworks */,
				EB04881F2B3B3C8E003E56C5 /* Resources */,
			);
			buildRules = (
			);
			dependencies = (
				EB0488232B3B3C8E003E56C5 /* PBXTargetDependency */,
			);
			name = testTechStacksTests;
			productName = testTechStacksTests;
			productReference = EB0488212B3B3C8E003E56C5 /* testTechStacksTests.xctest */;
			productType = "com.apple.product-type.bundle.unit-test";
		};
		EB04882A2B3B3C8E003E56C5 /* testTechStacksUITests */ = {
			isa = PBXNativeTarget;
			buildConfigurationList = EB04883B2B3B3C8E003E56C5 /* Build configuration list for PBXNativeTarget "testTechStacksUITests" */;
			buildPhases = (
				EB0488272B3B3C8E003E56C5 /* Sources */,
				EB0488282B3B3C8E003E56C5 /* Frameworks */,
				EB0488292B3B3C8E003E56C5 /* Resources */,
			);
			buildRules = (
			);
			dependencies = (
				EB04882D2B3B3C8E003E56C5 /* PBXTargetDependency */,
			);
			name = testTechStacksUITests;
			productName = testTechStacksUITests;
			productReference = EB04882B2B3B3C8E003E56C5 /* testTechStacksUITests.xctest */;
			productType = "com.apple.product-type.bundle.ui-testing";
		};
/* End PBXNativeTarget section */

/* Begin PBXProject section */
		EB0488032B3B3C8B003E56C5 /* Project object */ = {
			isa = PBXProject;
			attributes = {
				BuildIndependentTargetsInParallel = 1;
				LastSwiftUpdateCheck = 1500;
				LastUpgradeCheck = 1500;
				TargetAttributes = {
					EB04880A2B3B3C8B003E56C5 = {
						CreatedOnToolsVersion = 15.0.1;
					};
					EB0488202B3B3C8E003E56C5 = {
						CreatedOnToolsVersion = 15.0.1;
						TestTargetID = EB04880A2B3B3C8B003E56C5;
					};
					EB04882A2B3B3C8E003E56C5 = {
						CreatedOnToolsVersion = 15.0.1;
						TestTargetID = EB04880A2B3B3C8B003E56C5;
					};
				};
			};
			buildConfigurationList = EB0488062B3B3C8B003E56C5 /* Build configuration list for PBXProject "testTechStacks" */;
			compatibilityVersion = "Xcode 14.0";
			developmentRegion = en;
			hasScannedForEncodings = 0;
			knownRegions = (
				en,
				Base,
			);
			mainGroup = EB0488022B3B3C8B003E56C5;
			productRefGroup = EB04880C2B3B3C8B003E56C5 /* Products */;
			projectDirPath = "";
			projectRoot = "";
			targets = (
				EB04880A2B3B3C8B003E56C5 /* testTechStacks */,
				EB0488202B3B3C8E003E56C5 /* testTechStacksTests */,
				EB04882A2B3B3C8E003E56C5 /* testTechStacksUITests */,
			);
		};
/* End PBXProject section */

/* Begin PBXResourcesBuildPhase section */
		EB0488092B3B3C8B003E56C5 /* Resources */ = {
			isa = PBXResourcesBuildPhase;
			buildActionMask = 2147483647;
			files = (
				EB04881B2B3B3C8E003E56C5 /* LaunchScreen.storyboard in Resources */,
				EB0488182B3B3C8E003E56C5 /* Assets.xcassets in Resources */,
				EB0488162B3B3C8B003E56C5 /* Main.storyboard in Resources */,
			);
			runOnlyForDeploymentPostprocessing = 0;
		};
		EB04881F2B3B3C8E003E56C5 /* Resources */ = {
			isa = PBXResourcesBuildPhase;
			buildActionMask = 2147483647;
			files = (
			);
			runOnlyForDeploymentPostprocessing = 0;
		};
		EB0488292B3B3C8E003E56C5 /* Resources */ = {
			isa = PBXResourcesBuildPhase;
			buildActionMask = 2147483647;
			files = (
			);
			runOnlyForDeploymentPostprocessing = 0;
		};
/* End PBXResourcesBuildPhase section */

/* Begin PBXSourcesBuildPhase section */
		EB0488072B3B3C8B003E56C5 /* Sources */ = {
			isa = PBXSourcesBuildPhase;
			buildActionMask = 2147483647;
			files = (
				EB0488942B3D3322003E56C5 /* GCDNetworkService.swift in Sources */,
				EB0488912B3D32BF003E56C5 /* GCDViewController.swift in Sources */,
				EBEE89442B464C8F006C5496 /* TestUIViewController.swift in Sources */,
				EB04880F2B3B3C8B003E56C5 /* AppDelegate.swift in Sources */,
				EB0488112B3B3C8B003E56C5 /* SceneDelegate.swift in Sources */,
				EB0488962B3D541A003E56C5 /* AsyncAwaitViewController.swift in Sources */,
				EB04884A2B3BC0B6003E56C5 /* MainViewController.swift in Sources */,
			);
			runOnlyForDeploymentPostprocessing = 0;
		};
		EB04881D2B3B3C8E003E56C5 /* Sources */ = {
			isa = PBXSourcesBuildPhase;
			buildActionMask = 2147483647;
			files = (
				EB0488262B3B3C8E003E56C5 /* testTechStacksTests.swift in Sources */,
			);
			runOnlyForDeploymentPostprocessing = 0;
		};
		EB0488272B3B3C8E003E56C5 /* Sources */ = {
			isa = PBXSourcesBuildPhase;
			buildActionMask = 2147483647;
			files = (
				EB0488302B3B3C8E003E56C5 /* testTechStacksUITests.swift in Sources */,
				EB0488322B3B3C8E003E56C5 /* testTechStacksUITestsLaunchTests.swift in Sources */,
			);
			runOnlyForDeploymentPostprocessing = 0;
		};
/* End PBXSourcesBuildPhase section */

/* Begin PBXTargetDependency section */
		EB0488232B3B3C8E003E56C5 /* PBXTargetDependency */ = {
			isa = PBXTargetDependency;
			target = EB04880A2B3B3C8B003E56C5 /* testTechStacks */;
			targetProxy = EB0488222B3B3C8E003E56C5 /* PBXContainerItemProxy */;
		};
		EB04882D2B3B3C8E003E56C5 /* PBXTargetDependency */ = {
			isa = PBXTargetDependency;
			target = EB04880A2B3B3C8B003E56C5 /* testTechStacks */;
			targetProxy = EB04882C2B3B3C8E003E56C5 /* PBXContainerItemProxy */;
		};
/* End PBXTargetDependency section */

/* Begin PBXVariantGroup section */
		EB0488142B3B3C8B003E56C5 /* Main.storyboard */ = {
			isa = PBXVariantGroup;
			children = (
				EB0488152B3B3C8B003E56C5 /* Base */,
			);
			name = Main.storyboard;
			sourceTree = "<group>";
		};
		EB0488192B3B3C8E003E56C5 /* LaunchScreen.storyboard */ = {
			isa = PBXVariantGroup;
			children = (
				EB04881A2B3B3C8E003E56C5 /* Base */,
			);
			name = LaunchScreen.storyboard;
			sourceTree = "<group>";
		};
/* End PBXVariantGroup section */

/* Begin XCBuildConfiguration section */
		EB0488332B3B3C8E003E56C5 /* Debug */ = {
			isa = XCBuildConfiguration;
			buildSettings = {
				ALWAYS_SEARCH_USER_PATHS = NO;
				ASSETCATALOG_COMPILER_GENERATE_SWIFT_ASSET_SYMBOL_EXTENSIONS = YES;
				CLANG_ANALYZER_NONNULL = YES;
				CLANG_ANALYZER_NUMBER_OBJECT_CONVERSION = YES_AGGRESSIVE;
				CLANG_CXX_LANGUAGE_STANDARD = "gnu++20";
				CLANG_ENABLE_MODULES = YES;
				CLANG_ENABLE_OBJC_ARC = YES;
				CLANG_ENABLE_OBJC_WEAK = YES;
				CLANG_WARN_BLOCK_CAPTURE_AUTORELEASING = YES;
				CLANG_WARN_BOOL_CONVERSION = YES;
				CLANG_WARN_COMMA = YES;
				CLANG_WARN_CONSTANT_CONVERSION = YES;
				CLANG_WARN_DEPRECATED_OBJC_IMPLEMENTATIONS = YES;
				CLANG_WARN_DIRECT_OBJC_ISA_USAGE = YES_ERROR;
				CLANG_WARN_DOCUMENTATION_COMMENTS = YES;
				CLANG_WARN_EMPTY_BODY = YES;
				CLANG_WARN_ENUM_CONVERSION = YES;
				CLANG_WARN_INFINITE_RECURSION = YES;
				CLANG_WARN_INT_CONVERSION = YES;
				CLANG_WARN_NON_LITERAL_NULL_CONVERSION = YES;
				CLANG_WARN_OBJC_IMPLICIT_RETAIN_SELF = YES;
				CLANG_WARN_OBJC_LITERAL_CONVERSION = YES;
				CLANG_WARN_OBJC_ROOT_CLASS = YES_ERROR;
				CLANG_WARN_QUOTED_INCLUDE_IN_FRAMEWORK_HEADER = YES;
				CLANG_WARN_RANGE_LOOP_ANALYSIS = YES;
				CLANG_WARN_STRICT_PROTOTYPES = YES;
				CLANG_WARN_SUSPICIOUS_MOVE = YES;
				CLANG_WARN_UNGUARDED_AVAILABILITY = YES_AGGRESSIVE;
				CLANG_WARN_UNREACHABLE_CODE = YES;
				CLANG_WARN__DUPLICATE_METHOD_MATCH = YES;
				COPY_PHASE_STRIP = NO;
				DEBUG_INFORMATION_FORMAT = dwarf;
				ENABLE_STRICT_OBJC_MSGSEND = YES;
				ENABLE_TESTABILITY = YES;
				ENABLE_USER_SCRIPT_SANDBOXING = YES;
				GCC_C_LANGUAGE_STANDARD = gnu17;
				GCC_DYNAMIC_NO_PIC = NO;
				GCC_NO_COMMON_BLOCKS = YES;
				GCC_OPTIMIZATION_LEVEL = 0;
				GCC_PREPROCESSOR_DEFINITIONS = (
					"DEBUG=1",
					"$(inherited)",
				);
				GCC_WARN_64_TO_32_BIT_CONVERSION = YES;
				GCC_WARN_ABOUT_RETURN_TYPE = YES_ERROR;
				GCC_WARN_UNDECLARED_SELECTOR = YES;
				GCC_WARN_UNINITIALIZED_AUTOS = YES_AGGRESSIVE;
				GCC_WARN_UNUSED_FUNCTION = YES;
				GCC_WARN_UNUSED_VARIABLE = YES;
				IPHONEOS_DEPLOYMENT_TARGET = 17.0;
				LOCALIZATION_PREFERS_STRING_CATALOGS = YES;
				MTL_ENABLE_DEBUG_INFO = INCLUDE_SOURCE;
				MTL_FAST_MATH = YES;
				ONLY_ACTIVE_ARCH = YES;
				SDKROOT = iphoneos;
				SWIFT_ACTIVE_COMPILATION_CONDITIONS = "DEBUG $(inherited)";
				SWIFT_OPTIMIZATION_LEVEL = "-Onone";
			};
			name = Debug;
		};
		EB0488342B3B3C8E003E56C5 /* Release */ = {
			isa = XCBuildConfiguration;
			buildSettings = {
				ALWAYS_SEARCH_USER_PATHS = NO;
				ASSETCATALOG_COMPILER_GENERATE_SWIFT_ASSET_SYMBOL_EXTENSIONS = YES;
				CLANG_ANALYZER_NONNULL = YES;
				CLANG_ANALYZER_NUMBER_OBJECT_CONVERSION = YES_AGGRESSIVE;
				CLANG_CXX_LANGUAGE_STANDARD = "gnu++20";
				CLANG_ENABLE_MODULES = YES;
				CLANG_ENABLE_OBJC_ARC = YES;
				CLANG_ENABLE_OBJC_WEAK = YES;
				CLANG_WARN_BLOCK_CAPTURE_AUTORELEASING = YES;
				CLANG_WARN_BOOL_CONVERSION = YES;
				CLANG_WARN_COMMA = YES;
				CLANG_WARN_CONSTANT_CONVERSION = YES;
				CLANG_WARN_DEPRECATED_OBJC_IMPLEMENTATIONS = YES;
				CLANG_WARN_DIRECT_OBJC_ISA_USAGE = YES_ERROR;
				CLANG_WARN_DOCUMENTATION_COMMENTS = YES;
				CLANG_WARN_EMPTY_BODY = YES;
				CLANG_WARN_ENUM_CONVERSION = YES;
				CLANG_WARN_INFINITE_RECURSION = YES;
				CLANG_WARN_INT_CONVERSION = YES;
				CLANG_WARN_NON_LITERAL_NULL_CONVERSION = YES;
				CLANG_WARN_OBJC_IMPLICIT_RETAIN_SELF = YES;
				CLANG_WARN_OBJC_LITERAL_CONVERSION = YES;
				CLANG_WARN_OBJC_ROOT_CLASS = YES_ERROR;
				CLANG_WARN_QUOTED_INCLUDE_IN_FRAMEWORK_HEADER = YES;
				CLANG_WARN_RANGE_LOOP_ANALYSIS = YES;
				CLANG_WARN_STRICT_PROTOTYPES = YES;
				CLANG_WARN_SUSPICIOUS_MOVE = YES;
				CLANG_WARN_UNGUARDED_AVAILABILITY = YES_AGGRESSIVE;
				CLANG_WARN_UNREACHABLE_CODE = YES;
				CLANG_WARN__DUPLICATE_METHOD_MATCH = YES;
				COPY_PHASE_STRIP = NO;
				DEBUG_INFORMATION_FORMAT = "dwarf-with-dsym";
				ENABLE_NS_ASSERTIONS = NO;
				ENABLE_STRICT_OBJC_MSGSEND = YES;
				ENABLE_USER_SCRIPT_SANDBOXING = YES;
				GCC_C_LANGUAGE_STANDARD = gnu17;
				GCC_NO_COMMON_BLOCKS = YES;
				GCC_WARN_64_TO_32_BIT_CONVERSION = YES;
				GCC_WARN_ABOUT_RETURN_TYPE = YES_ERROR;
				GCC_WARN_UNDECLARED_SELECTOR = YES;
				GCC_WARN_UNINITIALIZED_AUTOS = YES_AGGRESSIVE;
				GCC_WARN_UNUSED_FUNCTION = YES;
				GCC_WARN_UNUSED_VARIABLE = YES;
				IPHONEOS_DEPLOYMENT_TARGET = 17.0;
				LOCALIZATION_PREFERS_STRING_CATALOGS = YES;
				MTL_ENABLE_DEBUG_INFO = NO;
				MTL_FAST_MATH = YES;
				SDKROOT = iphoneos;
				SWIFT_COMPILATION_MODE = wholemodule;
				VALIDATE_PRODUCT = YES;
			};
			name = Release;
		};
		EB0488362B3B3C8E003E56C5 /* Debug */ = {
			isa = XCBuildConfiguration;
			buildSettings = {
				ASSETCATALOG_COMPILER_APPICON_NAME = AppIcon;
				ASSETCATALOG_COMPILER_GLOBAL_ACCENT_COLOR_NAME = AccentColor;
				CODE_SIGN_STYLE = Automatic;
				CURRENT_PROJECT_VERSION = 1;
				DEVELOPMENT_TEAM = 6973WVKMZ8;
				GENERATE_INFOPLIST_FILE = YES;
				INFOPLIST_FILE = testTechStacks/Info.plist;
				INFOPLIST_KEY_UIApplicationSupportsIndirectInputEvents = YES;
				INFOPLIST_KEY_UILaunchStoryboardName = LaunchScreen;
				INFOPLIST_KEY_UIMainStoryboardFile = Main;
				INFOPLIST_KEY_UISupportedInterfaceOrientations_iPad = "UIInterfaceOrientationPortrait UIInterfaceOrientationPortraitUpsideDown UIInterfaceOrientationLandscapeLeft UIInterfaceOrientationLandscapeRight";
				INFOPLIST_KEY_UISupportedInterfaceOrientations_iPhone = "UIInterfaceOrientationPortrait UIInterfaceOrientationLandscapeLeft UIInterfaceOrientationLandscapeRight";
				LD_RUNPATH_SEARCH_PATHS = (
					"$(inherited)",
					"@executable_path/Frameworks",
				);
				MARKETING_VERSION = 1.0;
				PRODUCT_BUNDLE_IDENTIFIER = org.jae.testTechStacks;
				PRODUCT_NAME = "$(TARGET_NAME)";
				SWIFT_EMIT_LOC_STRINGS = YES;
				SWIFT_VERSION = 5.0;
				TARGETED_DEVICE_FAMILY = "1,2";
			};
			name = Debug;
		};
		EB0488372B3B3C8E003E56C5 /* Release */ = {
			isa = XCBuildConfiguration;
			buildSettings = {
				ASSETCATALOG_COMPILER_APPICON_NAME = AppIcon;
				ASSETCATALOG_COMPILER_GLOBAL_ACCENT_COLOR_NAME = AccentColor;
				CODE_SIGN_STYLE = Automatic;
				CURRENT_PROJECT_VERSION = 1;
				DEVELOPMENT_TEAM = 6973WVKMZ8;
				GENERATE_INFOPLIST_FILE = YES;
				INFOPLIST_FILE = testTechStacks/Info.plist;
				INFOPLIST_KEY_UIApplicationSupportsIndirectInputEvents = YES;
				INFOPLIST_KEY_UILaunchStoryboardName = LaunchScreen;
				INFOPLIST_KEY_UIMainStoryboardFile = Main;
				INFOPLIST_KEY_UISupportedInterfaceOrientations_iPad = "UIInterfaceOrientationPortrait UIInterfaceOrientationPortraitUpsideDown UIInterfaceOrientationLandscapeLeft UIInterfaceOrientationLandscapeRight";
				INFOPLIST_KEY_UISupportedInterfaceOrientations_iPhone = "UIInterfaceOrientationPortrait UIInterfaceOrientationLandscapeLeft UIInterfaceOrientationLandscapeRight";
				LD_RUNPATH_SEARCH_PATHS = (
					"$(inherited)",
					"@executable_path/Frameworks",
				);
				MARKETING_VERSION = 1.0;
				PRODUCT_BUNDLE_IDENTIFIER = org.jae.testTechStacks;
				PRODUCT_NAME = "$(TARGET_NAME)";
				SWIFT_EMIT_LOC_STRINGS = YES;
				SWIFT_VERSION = 5.0;
				TARGETED_DEVICE_FAMILY = "1,2";
			};
			name = Release;
		};
		EB0488392B3B3C8E003E56C5 /* Debug */ = {
			isa = XCBuildConfiguration;
			buildSettings = {
				ALWAYS_EMBED_SWIFT_STANDARD_LIBRARIES = YES;
				BUNDLE_LOADER = "$(TEST_HOST)";
				CODE_SIGN_STYLE = Automatic;
				CURRENT_PROJECT_VERSION = 1;
				DEVELOPMENT_TEAM = 6973WVKMZ8;
				GENERATE_INFOPLIST_FILE = YES;
				IPHONEOS_DEPLOYMENT_TARGET = 17.0;
				MARKETING_VERSION = 1.0;
				PRODUCT_BUNDLE_IDENTIFIER = org.jae.testTechStacksTests;
				PRODUCT_NAME = "$(TARGET_NAME)";
				SWIFT_EMIT_LOC_STRINGS = NO;
				SWIFT_VERSION = 5.0;
				TARGETED_DEVICE_FAMILY = "1,2";
				TEST_HOST = "$(BUILT_PRODUCTS_DIR)/testTechStacks.app/$(BUNDLE_EXECUTABLE_FOLDER_PATH)/testTechStacks";
			};
			name = Debug;
		};
		EB04883A2B3B3C8E003E56C5 /* Release */ = {
			isa = XCBuildConfiguration;
			buildSettings = {
				ALWAYS_EMBED_SWIFT_STANDARD_LIBRARIES = YES;
				BUNDLE_LOADER = "$(TEST_HOST)";
				CODE_SIGN_STYLE = Automatic;
				CURRENT_PROJECT_VERSION = 1;
				DEVELOPMENT_TEAM = 6973WVKMZ8;
				GENERATE_INFOPLIST_FILE = YES;
				IPHONEOS_DEPLOYMENT_TARGET = 17.0;
				MARKETING_VERSION = 1.0;
				PRODUCT_BUNDLE_IDENTIFIER = org.jae.testTechStacksTests;
				PRODUCT_NAME = "$(TARGET_NAME)";
				SWIFT_EMIT_LOC_STRINGS = NO;
				SWIFT_VERSION = 5.0;
				TARGETED_DEVICE_FAMILY = "1,2";
				TEST_HOST = "$(BUILT_PRODUCTS_DIR)/testTechStacks.app/$(BUNDLE_EXECUTABLE_FOLDER_PATH)/testTechStacks";
			};
			name = Release;
		};
		EB04883C2B3B3C8E003E56C5 /* Debug */ = {
			isa = XCBuildConfiguration;
			buildSettings = {
				ALWAYS_EMBED_SWIFT_STANDARD_LIBRARIES = YES;
				CODE_SIGN_STYLE = Automatic;
				CURRENT_PROJECT_VERSION = 1;
				DEVELOPMENT_TEAM = 6973WVKMZ8;
				GENERATE_INFOPLIST_FILE = YES;
				MARKETING_VERSION = 1.0;
				PRODUCT_BUNDLE_IDENTIFIER = org.jae.testTechStacksUITests;
				PRODUCT_NAME = "$(TARGET_NAME)";
				SWIFT_EMIT_LOC_STRINGS = NO;
				SWIFT_VERSION = 5.0;
				TARGETED_DEVICE_FAMILY = "1,2";
				TEST_TARGET_NAME = testTechStacks;
			};
			name = Debug;
		};
		EB04883D2B3B3C8E003E56C5 /* Release */ = {
			isa = XCBuildConfiguration;
			buildSettings = {
				ALWAYS_EMBED_SWIFT_STANDARD_LIBRARIES = YES;
				CODE_SIGN_STYLE = Automatic;
				CURRENT_PROJECT_VERSION = 1;
				DEVELOPMENT_TEAM = 6973WVKMZ8;
				GENERATE_INFOPLIST_FILE = YES;
				MARKETING_VERSION = 1.0;
				PRODUCT_BUNDLE_IDENTIFIER = org.jae.testTechStacksUITests;
				PRODUCT_NAME = "$(TARGET_NAME)";
				SWIFT_EMIT_LOC_STRINGS = NO;
				SWIFT_VERSION = 5.0;
				TARGETED_DEVICE_FAMILY = "1,2";
				TEST_TARGET_NAME = testTechStacks;
			};
			name = Release;
		};
/* End XCBuildConfiguration section */

/* Begin XCConfigurationList section */
		EB0488062B3B3C8B003E56C5 /* Build configuration list for PBXProject "testTechStacks" */ = {
			isa = XCConfigurationList;
			buildConfigurations = (
				EB0488332B3B3C8E003E56C5 /* Debug */,
				EB0488342B3B3C8E003E56C5 /* Release */,
			);
			defaultConfigurationIsVisible = 0;
			defaultConfigurationName = Release;
		};
		EB0488352B3B3C8E003E56C5 /* Build configuration list for PBXNativeTarget "testTechStacks" */ = {
			isa = XCConfigurationList;
			buildConfigurations = (
				EB0488362B3B3C8E003E56C5 /* Debug */,
				EB0488372B3B3C8E003E56C5 /* Release */,
			);
			defaultConfigurationIsVisible = 0;
			defaultConfigurationName = Release;
		};
		EB0488382B3B3C8E003E56C5 /* Build configuration list for PBXNativeTarget "testTechStacksTests" */ = {
			isa = XCConfigurationList;
			buildConfigurations = (
				EB0488392B3B3C8E003E56C5 /* Debug */,
				EB04883A2B3B3C8E003E56C5 /* Release */,
			);
			defaultConfigurationIsVisible = 0;
			defaultConfigurationName = Release;
		};
		EB04883B2B3B3C8E003E56C5 /* Build configuration list for PBXNativeTarget "testTechStacksUITests" */ = {
			isa = XCConfigurationList;
			buildConfigurations = (
				EB04883C2B3B3C8E003E56C5 /* Debug */,
				EB04883D2B3B3C8E003E56C5 /* Release */,
			);
			defaultConfigurationIsVisible = 0;
			defaultConfigurationName = Release;
		};
/* End XCConfigurationList section */
	};
	rootObject = EB0488032B3B3C8B003E56C5 /* Project object */;
}
